
Microsoft Visual Studio Solution File, Format Version 12.00
# Visual Studio Version 17
VisualStudioVersion = 17.2.32616.157
MinimumVisualStudioVersion = 10.0.40219.1
Project("{8BC9CEB8-8B4A-11D0-8D11-00A0C91BC942}") = "ConsoleGame", "ConsoleGame.vcxproj", "{DA49D230-2F25-4F17-9AE2-65F05BCB80F8}"
EndProject
Global
	GlobalSection(SolutionConfigurationPlatforms) = preSolution
		Debug|x64 = Debug|x64
		Debug|x86 = Debug|x86
		Release|x64 = Release|x64
		Release|x86 = Release|x86
	EndGlobalSection
	GlobalSection(ProjectConfigurationPlatforms) = postSolution
		{DA49D230-2F25-4F17-9AE2-65F05BCB80F8}.Debug|x64.ActiveCfg = Debug|x64
		{DA49D230-2F25-4F17-9AE2-65F05BCB80F8}.Debug|x64.Build.0 = Debug|x64
		{DA49D230-2F25-4F17-9AE2-65F05BCB80F8}.Debug|x86.ActiveCfg = Debug|Win32
		{DA49D230-2F25-4F17-9AE2-65F05BCB80F8}.Debug|x86.Build.0 = Debug|Win32
		{DA49D230-2F25-4F17-9AE2-65F05BCB80F8}.Release|x64.ActiveCfg = Release|x64
		{DA49D230-2F25-4F17-9AE2-65F05BCB80F8}.Release|x64.Build.0 = Release|x64
		{DA49D230-2F25-4F17-9AE2-65F05BCB80F8}.Release|x86.ActiveCfg = Release|Win32
		{DA49D230-2F25-4F17-9AE2-65F05BCB80F8}.Release|x86.Build.0 = Release|Win32
	EndGlobalSection
	GlobalSection(SolutionProperties) = preSolution
		HideSolutionNode = FALSE
	EndGlobalSection
	GlobalSection(ExtensibilityGlobals) = postSolution
		SolutionGuid = {AD6C9609-3DE9-4C32-9EF9-F05A0100EAE1}
	EndGlobalSection
EndGlobal
